
Microsoft Visual Studio Solution File, Format Version 12.00
# Visual Studio Version 17
VisualStudioVersion = 17.13.35806.99
MinimumVisualStudioVersion = 10.0.40219.1
Project("{FAE04EC0-301F-11D3-BF4B-00C04F79EFBC}") = "web", "web\web.csproj", "{7F65A371-24E4-432A-8C04-C6E018A81F09}"
EndProject
Project("{FAE04EC0-301F-11D3-BF4B-00C04F79EFBC}") = "entity", "entity\entity.csproj", "{3A573B58-2C85-4A36-82DA-344EC00325AA}"
EndProject
Project("{FAE04EC0-301F-11D3-BF4B-00C04F79EFBC}") = "data", "data\data.csproj", "{E32540D1-75DF-4E2B-AF3B-60E3D53D2BB1}"
EndProject
Project("{FAE04EC0-301F-11D3-BF4B-00C04F79EFBC}") = "dto", "dto\dto.csproj", "{D9E47C38-F813-4EF9-8BBB-C683AF514A1E}"
EndProject
Project("{FAE04EC0-301F-11D3-BF4B-00C04F79EFBC}") = "business", "business\business.csproj", "{3F67E9E0-CF7F-4AE6-80A2-CF829A708522}"
EndProject
Global
	GlobalSection(SolutionConfigurationPlatforms) = preSolution
		Debug|Any CPU = Debug|Any CPU
		Release|Any CPU = Release|Any CPU
	EndGlobalSection
	GlobalSection(ProjectConfigurationPlatforms) = postSolution
		{7F65A371-24E4-432A-8C04-C6E018A81F09}.Debug|Any CPU.ActiveCfg = Debug|Any CPU
		{7F65A371-24E4-432A-8C04-C6E018A81F09}.Debug|Any CPU.Build.0 = Debug|Any CPU
		{7F65A371-24E4-432A-8C04-C6E018A81F09}.Release|Any CPU.ActiveCfg = Release|Any CPU
		{7F65A371-24E4-432A-8C04-C6E018A81F09}.Release|Any CPU.Build.0 = Release|Any CPU
		{3A573B58-2C85-4A36-82DA-344EC00325AA}.Debug|Any CPU.ActiveCfg = Debug|Any CPU
		{3A573B58-2C85-4A36-82DA-344EC00325AA}.Debug|Any CPU.Build.0 = Debug|Any CPU
		{3A573B58-2C85-4A36-82DA-344EC00325AA}.Release|Any CPU.ActiveCfg = Release|Any CPU
		{3A573B58-2C85-4A36-82DA-344EC00325AA}.Release|Any CPU.Build.0 = Release|Any CPU
		{E32540D1-75DF-4E2B-AF3B-60E3D53D2BB1}.Debug|Any CPU.ActiveCfg = Debug|Any CPU
		{E32540D1-75DF-4E2B-AF3B-60E3D53D2BB1}.Debug|Any CPU.Build.0 = Debug|Any CPU
		{E32540D1-75DF-4E2B-AF3B-60E3D53D2BB1}.Release|Any CPU.ActiveCfg = Release|Any CPU
		{E32540D1-75DF-4E2B-AF3B-60E3D53D2BB1}.Release|Any CPU.Build.0 = Release|Any CPU
		{D9E47C38-F813-4EF9-8BBB-C683AF514A1E}.Debug|Any CPU.ActiveCfg = Debug|Any CPU
		{D9E47C38-F813-4EF9-8BBB-C683AF514A1E}.Debug|Any CPU.Build.0 = Debug|Any CPU
		{D9E47C38-F813-4EF9-8BBB-C683AF514A1E}.Release|Any CPU.ActiveCfg = Release|Any CPU
		{D9E47C38-F813-4EF9-8BBB-C683AF514A1E}.Release|Any CPU.Build.0 = Release|Any CPU
		{3F67E9E0-CF7F-4AE6-80A2-CF829A708522}.Debug|Any CPU.ActiveCfg = Debug|Any CPU
		{3F67E9E0-CF7F-4AE6-80A2-CF829A708522}.Debug|Any CPU.Build.0 = Debug|Any CPU
		{3F67E9E0-CF7F-4AE6-80A2-CF829A708522}.Release|Any CPU.ActiveCfg = Release|Any CPU
		{3F67E9E0-CF7F-4AE6-80A2-CF829A708522}.Release|Any CPU.Build.0 = Release|Any CPU
	EndGlobalSection
	GlobalSection(SolutionProperties) = preSolution
		HideSolutionNode = FALSE
	EndGlobalSection
	GlobalSection(ExtensibilityGlobals) = postSolution
		SolutionGuid = {2BEB3226-6629-4289-885A-5662B974B79D}
	EndGlobalSection
EndGlobal
